# THIS IS AN AUTOGENERATED FILE. DO NOT EDIT THIS FILE DIRECTLY.
# yarn lockfile v1


typesafe-actions@^5.1.0:
  version "5.1.0"
  resolved "https://registry.yarnpkg.com/typesafe-actions/-/typesafe-actions-5.1.0.tgz#9afe8b1e6a323af1fd59e6a57b11b7dd6623d2f1"
  integrity sha512-bna6Yi1pRznoo6Bz1cE6btB/Yy8Xywytyfrzu/wc+NFW3ZF0I+2iCGImhBsoYYCOWuICtRO4yHcnDlzgo1AdNg==

typescript@^3.8.3:
  version "3.8.3"
  resolved "https://registry.yarnpkg.com/typescript/-/typescript-3.8.3.tgz#409eb8544ea0335711205869ec458ab109ee1061"
  integrity sha512-MYlEfn5VrLNsgudQTVJeNaQFUAI7DkhnOjdpAp4T+ku1TfQClewlbSuTVHiA+8skNBgaf02TL/kLOvig4y3G8w==

utility-types@^3.10.0:
  version "3.10.0"
  resolved "https://registry.yarnpkg.com/utility-types/-/utility-types-3.10.0.tgz#ea4148f9a741015f05ed74fd615e1d20e6bed82b"
  integrity sha512-O11mqxmi7wMKCo6HKFt5AhO4BwY3VV68YU07tgxfz8zJTIxr4BpsezN49Ffwy9j3ZpwwJp4fkRwjRzq3uWE6Rg==
